Microsoft Visual Studio Solution File, Format Version 12.00
# Visual Studio Version 17
VisualStudioVersion = 17.5.2.0
MinimumVisualStudioVersion = 10.0.40219.1
Project("{2150E333-8FDC-42A3-9474-1A3956D46DE8}") = "src", "src", "{827E0CD3-B72D-47B6-A68D-7590B98EB39B}"
EndProject
Project("{2150E333-8FDC-42A3-9474-1A3956D46DE8}") = "samples", "samples", "{5D20AA90-6969-D8BD-9DCD-8634F4692FDA}"
EndProject
Project("{FAE04EC0-301F-11D3-BF4B-00C04F79EFBC}") = "SoapCore.Tests", "src\SoapCore.Tests\SoapCore.Tests.csproj", "{792F2D88-944E-D858-B188-8D099968D8F8}"
EndProject
Project("{FAE04EC0-301F-11D3-BF4B-00C04F79EFBC}") = "SoapCore.Benchmark", "src\SoapCore.Benchmark\SoapCore.Benchmark.csproj", "{F78D5E08-56A4-AF93-AE96-D4F968C0F4EB}"
EndProject
Project("{FAE04EC0-301F-11D3-BF4B-00C04F79EFBC}") = "SoapCore", "src\SoapCore\SoapCore.csproj", "{BE4773A0-6CDA-F20C-91C5-C459CD9B01DA}"
EndProject
Project("{FAE04EC0-301F-11D3-BF4B-00C04F79EFBC}") = "ServiceReferenceClient", "samples\ServiceReferenceClient\ServiceReferenceClient.csproj", "{B4B7EC2F-C2AC-3040-81D3-AC626C35691E}"
EndProject
Project("{FAE04EC0-301F-11D3-BF4B-00C04F79EFBC}") = "Server", "samples\Server\Server.csproj", "{E1838AF0-3C46-A86C-5BEF-DDA6BE89D32F}"
EndProject
Project("{FAE04EC0-301F-11D3-BF4B-00C04F79EFBC}") = "Models", "samples\Models\Models.csproj", "{C1C55718-4B21-2F2D-5F8D-E7859EF52C42}"
EndProject
Project("{FAE04EC0-301F-11D3-BF4B-00C04F79EFBC}") = "Client", "samples\Client\Client.csproj", "{2A625F63-23A0-539C-6B20-551900FCE074}"
EndProject
Global
	GlobalSection(SolutionConfigurationPlatforms) = preSolution
		Debug|Any CPU = Debug|Any CPU
		Release|Any CPU = Release|Any CPU
	EndGlobalSection
	GlobalSection(ProjectConfigurationPlatforms) = postSolution
		{792F2D88-944E-D858-B188-8D099968D8F8}.Debug|Any CPU.ActiveCfg = Debug|Any CPU
		{792F2D88-944E-D858-B188-8D099968D8F8}.Debug|Any CPU.Build.0 = Debug|Any CPU
		{792F2D88-944E-D858-B188-8D099968D8F8}.Release|Any CPU.ActiveCfg = Release|Any CPU
		{792F2D88-944E-D858-B188-8D099968D8F8}.Release|Any CPU.Build.0 = Release|Any CPU
		{F78D5E08-56A4-AF93-AE96-D4F968C0F4EB}.Debug|Any CPU.ActiveCfg = Debug|Any CPU
		{F78D5E08-56A4-AF93-AE96-D4F968C0F4EB}.Debug|Any CPU.Build.0 = Debug|Any CPU
		{F78D5E08-56A4-AF93-AE96-D4F968C0F4EB}.Release|Any CPU.ActiveCfg = Release|Any CPU
		{F78D5E08-56A4-AF93-AE96-D4F968C0F4EB}.Release|Any CPU.Build.0 = Release|Any CPU
		{BE4773A0-6CDA-F20C-91C5-C459CD9B01DA}.Debug|Any CPU.ActiveCfg = Debug|Any CPU
		{BE4773A0-6CDA-F20C-91C5-C459CD9B01DA}.Debug|Any CPU.Build.0 = Debug|Any CPU
		{BE4773A0-6CDA-F20C-91C5-C459CD9B01DA}.Release|Any CPU.ActiveCfg = Release|Any CPU
		{BE4773A0-6CDA-F20C-91C5-C459CD9B01DA}.Release|Any CPU.Build.0 = Release|Any CPU
		{B4B7EC2F-C2AC-3040-81D3-AC626C35691E}.Debug|Any CPU.ActiveCfg = Debug|Any CPU
		{B4B7EC2F-C2AC-3040-81D3-AC626C35691E}.Debug|Any CPU.Build.0 = Debug|Any CPU
		{B4B7EC2F-C2AC-3040-81D3-AC626C35691E}.Release|Any CPU.ActiveCfg = Release|Any CPU
		{B4B7EC2F-C2AC-3040-81D3-AC626C35691E}.Release|Any CPU.Build.0 = Release|Any CPU
		{E1838AF0-3C46-A86C-5BEF-DDA6BE89D32F}.Debug|Any CPU.ActiveCfg = Debug|Any CPU
		{E1838AF0-3C46-A86C-5BEF-DDA6BE89D32F}.Debug|Any CPU.Build.0 = Debug|Any CPU
		{E1838AF0-3C46-A86C-5BEF-DDA6BE89D32F}.Release|Any CPU.ActiveCfg = Release|Any CPU
		{E1838AF0-3C46-A86C-5BEF-DDA6BE89D32F}.Release|Any CPU.Build.0 = Release|Any CPU
		{C1C55718-4B21-2F2D-5F8D-E7859EF52C42}.Debug|Any CPU.ActiveCfg = Debug|Any CPU
		{C1C55718-4B21-2F2D-5F8D-E7859EF52C42}.Debug|Any CPU.Build.0 = Debug|Any CPU
		{C1C55718-4B21-2F2D-5F8D-E7859EF52C42}.Release|Any CPU.ActiveCfg = Release|Any CPU
		{C1C55718-4B21-2F2D-5F8D-E7859EF52C42}.Release|Any CPU.Build.0 = Release|Any CPU
		{2A625F63-23A0-539C-6B20-551900FCE074}.Debug|Any CPU.ActiveCfg = Debug|Any CPU
		{2A625F63-23A0-539C-6B20-551900FCE074}.Debug|Any CPU.Build.0 = Debug|Any CPU
		{2A625F63-23A0-539C-6B20-551900FCE074}.Release|Any CPU.ActiveCfg = Release|Any CPU
		{2A625F63-23A0-539C-6B20-551900FCE074}.Release|Any CPU.Build.0 = Release|Any CPU
	EndGlobalSection
	GlobalSection(SolutionProperties) = preSolution
		HideSolutionNode = FALSE
	EndGlobalSection
	GlobalSection(NestedProjects) = preSolution
		{792F2D88-944E-D858-B188-8D099968D8F8} = {827E0CD3-B72D-47B6-A68D-7590B98EB39B}
		{F78D5E08-56A4-AF93-AE96-D4F968C0F4EB} = {827E0CD3-B72D-47B6-A68D-7590B98EB39B}
		{BE4773A0-6CDA-F20C-91C5-C459CD9B01DA} = {827E0CD3-B72D-47B6-A68D-7590B98EB39B}
		{B4B7EC2F-C2AC-3040-81D3-AC626C35691E} = {5D20AA90-6969-D8BD-9DCD-8634F4692FDA}
		{E1838AF0-3C46-A86C-5BEF-DDA6BE89D32F} = {5D20AA90-6969-D8BD-9DCD-8634F4692FDA}
		{C1C55718-4B21-2F2D-5F8D-E7859EF52C42} = {5D20AA90-6969-D8BD-9DCD-8634F4692FDA}
		{2A625F63-23A0-539C-6B20-551900FCE074} = {5D20AA90-6969-D8BD-9DCD-8634F4692FDA}
	EndGlobalSection
	GlobalSection(ExtensibilityGlobals) = postSolution
		SolutionGuid = {26206D9E-146E-4EA4-80CB-EF074CA59CB6}
	EndGlobalSection
EndGlobal
