
Microsoft Visual Studio Solution File, Format Version 12.00
# Visual Studio 15
VisualStudioVersion = 15.0.26510.0
MinimumVisualStudioVersion = 10.0.40219.1
Project("{9A19103F-16F7-4668-BE54-9A1E7A4F7556}") = "SoapCore", "SoapCore\SoapCore.csproj", "{576F47D4-97EC-4D42-8CD5-89648EEAB688}"
EndProject
Global
	GlobalSection(SolutionConfigurationPlatforms) = preSolution
		Debug|Any CPU = Debug|Any CPU
		Release|Any CPU = Release|Any CPU
	EndGlobalSection
	GlobalSection(ProjectConfigurationPlatforms) = postSolution
		{576F47D4-97EC-4D42-8CD5-89648EEAB688}.Debug|Any CPU.ActiveCfg = Debug|Any CPU
		{576F47D4-97EC-4D42-8CD5-89648EEAB688}.Debug|Any CPU.Build.0 = Debug|Any CPU
		{576F47D4-97EC-4D42-8CD5-89648EEAB688}.Release|Any CPU.ActiveCfg = Release|Any CPU
		{576F47D4-97EC-4D42-8CD5-89648EEAB688}.Release|Any CPU.Build.0 = Release|Any CPU
	EndGlobalSection
	GlobalSection(SolutionProperties) = preSolution
		HideSolutionNode = FALSE
	EndGlobalSection
EndGlobal
